
Microsoft Visual Studio Solution File, Format Version 12.00
# Visual Studio Version 17
VisualStudioVersion = 17.5.33627.172
MinimumVisualStudioVersion = 10.0.40219.1
Project("{FAE04EC0-301F-11D3-BF4B-00C04F79EFBC}") = "TournamentManager3000", "TournamentManager3000\TournamentManager3000.csproj", "{A2B59C6E-2F15-4AB3-9883-B3EC52395207}"
EndProject
Global
	GlobalSection(SolutionConfigurationPlatforms) = preSolution
		Debug|Any CPU = Debug|Any CPU
		Release|Any CPU = Release|Any CPU
	EndGlobalSection
	GlobalSection(ProjectConfigurationPlatforms) = postSolution
		{A2B59C6E-2F15-4AB3-9883-B3EC52395207}.Debug|Any CPU.ActiveCfg = Debug|Any CPU
		{A2B59C6E-2F15-4AB3-9883-B3EC52395207}.Debug|Any CPU.Build.0 = Debug|Any CPU
		{A2B59C6E-2F15-4AB3-9883-B3EC52395207}.Release|Any CPU.ActiveCfg = Release|Any CPU
		{A2B59C6E-2F15-4AB3-9883-B3EC52395207}.Release|Any CPU.Build.0 = Release|Any CPU
	EndGlobalSection
	GlobalSection(SolutionProperties) = preSolution
		HideSolutionNode = FALSE
	EndGlobalSection
	GlobalSection(ExtensibilityGlobals) = postSolution
		SolutionGuid = {80FC1FB3-E64A-41A3-885C-B87190168B90}
	EndGlobalSection
EndGlobal
